// !$*UTF8*$!
{
	archiveVersion = 1;
	classes = {
	};
	objectVersion = 48;
	objects = {

/* Begin PBXBuildFile section */
		6805C8532051BA6C00CB97E4 /* CircleImage.swift in Sources */ = {isa = PBXBuildFile; fileRef = 6805C8522051BA6C00CB97E4 /* CircleImage.swift */; };
		6814A999202355480014A49A /* GradientView.swift in Sources */ = {isa = PBXBuildFile; fileRef = 6814A998202355480014A49A /* GradientView.swift */; };
		681500B52021005D00D8F000 /* AppDelegate.swift in Sources */ = {isa = PBXBuildFile; fileRef = 681500B42021005D00D8F000 /* AppDelegate.swift */; };
		681500BA2021005D00D8F000 /* Main.storyboard in Resources */ = {isa = PBXBuildFile; fileRef = 681500B82021005D00D8F000 /* Main.storyboard */; };
		681500BC2021005D00D8F000 /* Assets.xcassets in Resources */ = {isa = PBXBuildFile; fileRef = 681500BB2021005D00D8F000 /* Assets.xcassets */; };
		681500BF2021005D00D8F000 /* LaunchScreen.storyboard in Resources */ = {isa = PBXBuildFile; fileRef = 681500BD2021005D00D8F000 /* LaunchScreen.storyboard */; };
		688ABBD720390CAB00E0BE63 /* AuthService.swift in Sources */ = {isa = PBXBuildFile; fileRef = 688ABBD620390CAB00E0BE63 /* AuthService.swift */; };
		689346F420224BF9008DDE7C /* ChatVC.swift in Sources */ = {isa = PBXBuildFile; fileRef = 689346F320224BF9008DDE7C /* ChatVC.swift */; };
		689346F620224C12008DDE7C /* ChannelVC.swift in Sources */ = {isa = PBXBuildFile; fileRef = 689346F520224C12008DDE7C /* ChannelVC.swift */; };
		68954CA5203DB4B5009970B0 /* UserDataService.swift in Sources */ = {isa = PBXBuildFile; fileRef = 68954CA4203DB4B5009970B0 /* UserDataService.swift */; };
		6896C1FE2034A51300A33FB2 /* Constants.swift in Sources */ = {isa = PBXBuildFile; fileRef = 6896C1FD2034A51300A33FB2 /* Constants.swift */; };
		6896C2002034B22D00A33FB2 /* LoginVC.swift in Sources */ = {isa = PBXBuildFile; fileRef = 6896C1FF2034B22D00A33FB2 /* LoginVC.swift */; };
		6896C202203503D000A33FB2 /* CreateAccountVC.swift in Sources */ = {isa = PBXBuildFile; fileRef = 6896C201203503D000A33FB2 /* CreateAccountVC.swift */; };
		68ADC1C2204AD33A007E9650 /* AvatarPickerVC.swift in Sources */ = {isa = PBXBuildFile; fileRef = 68ADC1C1204AD33A007E9650 /* AvatarPickerVC.swift */; };
		68ADC1C4204ADCD8007E9650 /* AvatarCell.swift in Sources */ = {isa = PBXBuildFile; fileRef = 68ADC1C3204ADCD8007E9650 /* AvatarCell.swift */; };
		68C7092C203C65A30017B2C9 /* RoundedButton.swift in Sources */ = {isa = PBXBuildFile; fileRef = 68C7092B203C65A30017B2C9 /* RoundedButton.swift */; };
		68FFFBC42021377000F2C119 /* SWRevealViewController.m in Sources */ = {isa = PBXBuildFile; fileRef = 68FFFBC32021377000F2C119 /* SWRevealViewController.m */; };
		A3203CFCEAB99DA80030D456 /* Pods_Smack.framework in Frameworks */ = {isa = PBXBuildFile; fileRef = C419F6DE20F08DCEEF987D17 /* Pods_Smack.framework */; };
/* End PBXBuildFile section */

/* Begin PBXFileReference section */
		5CBDFC3BEDE0C28875CD0DE6 /* Pods-Smack.release.xcconfig */ = {isa = PBXFileReference; includeInIndex = 1; lastKnownFileType = text.xcconfig; name = "Pods-Smack.release.xcconfig"; path = "Pods/Target Support Files/Pods-Smack/Pods-Smack.release.xcconfig"; sourceTree = "<group>"; };
		6805C8522051BA6C00CB97E4 /* CircleImage.swift */ = {isa = PBXFileReference; lastKnownFileType = sourcecode.swift; path = CircleImage.swift; sourceTree = "<group>"; };
		6814A998202355480014A49A /* GradientView.swift */ = {isa = PBXFileReference; lastKnownFileType = sourcecode.swift; path = GradientView.swift; sourceTree = "<group>"; };
		681500B12021005D00D8F000 /* Smack.app */ = {isa = PBXFileReference; explicitFileType = wrapper.application; includeInIndex = 0; path = Smack.app; sourceTree = BUILT_PRODUCTS_DIR; };
		681500B42021005D00D8F000 /* AppDelegate.swift */ = {isa = PBXFileReference; lastKnownFileType = sourcecode.swift; path = AppDelegate.swift; sourceTree = "<group>"; };
		681500B92021005D00D8F000 /* Base */ = {isa = PBXFileReference; lastKnownFileType = file.storyboard; name = Base; path = Base.lproj/Main.storyboard; sourceTree = "<group>"; };
		681500BB2021005D00D8F000 /* Assets.xcassets */ = {isa = PBXFileReference; lastKnownFileType = folder.assetcatalog; path = Assets.xcassets; sourceTree = "<group>"; };
		681500BE2021005D00D8F000 /* Base */ = {isa = PBXFileReference; lastKnownFileType = file.storyboard; name = Base; path = Base.lproj/LaunchScreen.storyboard; sourceTree = "<group>"; };
		681500C02021005D00D8F000 /* Info.plist */ = {isa = PBXFileReference; lastKnownFileType = text.plist.xml; path = Info.plist; sourceTree = "<group>"; };
		688ABBD620390CAB00E0BE63 /* AuthService.swift */ = {isa = PBXFileReference; lastKnownFileType = sourcecode.swift; path = AuthService.swift; sourceTree = "<group>"; };
		689346F320224BF9008DDE7C /* ChatVC.swift */ = {isa = PBXFileReference; lastKnownFileType = sourcecode.swift; path = ChatVC.swift; sourceTree = "<group>"; };
		689346F520224C12008DDE7C /* ChannelVC.swift */ = {isa = PBXFileReference; lastKnownFileType = sourcecode.swift; path = ChannelVC.swift; sourceTree = "<group>"; };
		68954CA4203DB4B5009970B0 /* UserDataService.swift */ = {isa = PBXFileReference; lastKnownFileType = sourcecode.swift; path = UserDataService.swift; sourceTree = "<group>"; };
		6896C1FD2034A51300A33FB2 /* Constants.swift */ = {isa = PBXFileReference; lastKnownFileType = sourcecode.swift; path = Constants.swift; sourceTree = "<group>"; };
		6896C1FF2034B22D00A33FB2 /* LoginVC.swift */ = {isa = PBXFileReference; lastKnownFileType = sourcecode.swift; path = LoginVC.swift; sourceTree = "<group>"; };
		6896C201203503D000A33FB2 /* CreateAccountVC.swift */ = {isa = PBXFileReference; lastKnownFileType = sourcecode.swift; path = CreateAccountVC.swift; sourceTree = "<group>"; };
		68ADC1C1204AD33A007E9650 /* AvatarPickerVC.swift */ = {isa = PBXFileReference; lastKnownFileType = sourcecode.swift; path = AvatarPickerVC.swift; sourceTree = "<group>"; };
		68ADC1C3204ADCD8007E9650 /* AvatarCell.swift */ = {isa = PBXFileReference; lastKnownFileType = sourcecode.swift; path = AvatarCell.swift; sourceTree = "<group>"; };
		68C7092B203C65A30017B2C9 /* RoundedButton.swift */ = {isa = PBXFileReference; lastKnownFileType = sourcecode.swift; path = RoundedButton.swift; sourceTree = "<group>"; };
		68FFFBC12021376E00F2C119 /* Smack-Bridging-Header.h */ = {isa = PBXFileReference; lastKnownFileType = sourcecode.c.h; path = "Smack-Bridging-Header.h"; sourceTree = "<group>"; };
		68FFFBC22021377000F2C119 /* SWRevealViewController.h */ = {isa = PBXFileReference; fileEncoding = 4; lastKnownFileType = sourcecode.c.h; path = SWRevealViewController.h; sourceTree = "<group>"; };
		68FFFBC32021377000F2C119 /* SWRevealViewController.m */ = {isa = PBXFileReference; fileEncoding = 4; lastKnownFileType = sourcecode.c.objc; path = SWRevealViewController.m; sourceTree = "<group>"; };
		AD22A09037B24E3FF7CD3589 /* Pods-Smack.debug.xcconfig */ = {isa = PBXFileReference; includeInIndex = 1; lastKnownFileType = text.xcconfig; name = "Pods-Smack.debug.xcconfig"; path = "Pods/Target Support Files/Pods-Smack/Pods-Smack.debug.xcconfig"; sourceTree = "<group>"; };
		C419F6DE20F08DCEEF987D17 /* Pods_Smack.framework */ = {isa = PBXFileReference; explicitFileType = wrapper.framework; includeInIndex = 0; path = Pods_Smack.framework; sourceTree = BUILT_PRODUCTS_DIR; };
/* End PBXFileReference section */

/* Begin PBXFrameworksBuildPhase section */
		681500AE2021005D00D8F000 /* Frameworks */ = {
			isa = PBXFrameworksBuildPhase;
			buildActionMask = 2147483647;
			files = (
				A3203CFCEAB99DA80030D456 /* Pods_Smack.framework in Frameworks */,
			);
			runOnlyForDeploymentPostprocessing = 0;
		};
/* End PBXFrameworksBuildPhase section */

/* Begin PBXGroup section */
		681500A82021005D00D8F000 = {
			isa = PBXGroup;
			children = (
				681500B32021005D00D8F000 /* Smack */,
				681500B22021005D00D8F000 /* Products */,
				8B473A12FFAFB6C2709647DC /* Pods */,
				CB45B4B85717BA4B9BA1650F /* Frameworks */,
			);
			sourceTree = "<group>";
		};
		681500B22021005D00D8F000 /* Products */ = {
			isa = PBXGroup;
			children = (
				681500B12021005D00D8F000 /* Smack.app */,
			);
			name = Products;
			sourceTree = "<group>";
		};
		681500B32021005D00D8F000 /* Smack */ = {
			isa = PBXGroup;
			children = (
				688ABBD520390C8200E0BE63 /* Services */,
				6896C1FC2034A4EA00A33FB2 /* Utilities */,
				689346F220224BD9008DDE7C /* View */,
				689346F120224BD0008DDE7C /* Controller */,
				689346F020224BC6008DDE7C /* Model */,
				68FFFBC02021372400F2C119 /* Supporting Files */,
				681500B42021005D00D8F000 /* AppDelegate.swift */,
				681500B82021005D00D8F000 /* Main.storyboard */,
				681500BB2021005D00D8F000 /* Assets.xcassets */,
				681500BD2021005D00D8F000 /* LaunchScreen.storyboard */,
				681500C02021005D00D8F000 /* Info.plist */,
			);
			path = Smack;
			sourceTree = "<group>";
		};
		688ABBD520390C8200E0BE63 /* Services */ = {
			isa = PBXGroup;
			children = (
				688ABBD620390CAB00E0BE63 /* AuthService.swift */,
				68954CA4203DB4B5009970B0 /* UserDataService.swift */,
			);
			path = Services;
			sourceTree = "<group>";
		};
		689346F020224BC6008DDE7C /* Model */ = {
			isa = PBXGroup;
			children = (
			);
			path = Model;
			sourceTree = "<group>";
		};
		689346F120224BD0008DDE7C /* Controller */ = {
			isa = PBXGroup;
			children = (
				689346F320224BF9008DDE7C /* ChatVC.swift */,
				689346F520224C12008DDE7C /* ChannelVC.swift */,
				6896C201203503D000A33FB2 /* CreateAccountVC.swift */,
				6896C1FF2034B22D00A33FB2 /* LoginVC.swift */,
				68ADC1C1204AD33A007E9650 /* AvatarPickerVC.swift */,
			);
			path = Controller;
			sourceTree = "<group>";
		};
		689346F220224BD9008DDE7C /* View */ = {
			isa = PBXGroup;
			children = (
				6814A998202355480014A49A /* GradientView.swift */,
				68C7092B203C65A30017B2C9 /* RoundedButton.swift */,
				68ADC1C3204ADCD8007E9650 /* AvatarCell.swift */,
				6805C8522051BA6C00CB97E4 /* CircleImage.swift */,
			);
			path = View;
			sourceTree = "<group>";
		};
		6896C1FC2034A4EA00A33FB2 /* Utilities */ = {
			isa = PBXGroup;
			children = (
				6896C1FD2034A51300A33FB2 /* Constants.swift */,
			);
			path = Utilities;
			sourceTree = "<group>";
		};
		68FFFBC02021372400F2C119 /* Supporting Files */ = {
			isa = PBXGroup;
			children = (
				68FFFBC22021377000F2C119 /* SWRevealViewController.h */,
				68FFFBC32021377000F2C119 /* SWRevealViewController.m */,
				68FFFBC12021376E00F2C119 /* Smack-Bridging-Header.h */,
			);
			path = "Supporting Files";
			sourceTree = "<group>";
		};
		8B473A12FFAFB6C2709647DC /* Pods */ = {
			isa = PBXGroup;
			children = (
				AD22A09037B24E3FF7CD3589 /* Pods-Smack.debug.xcconfig */,
				5CBDFC3BEDE0C28875CD0DE6 /* Pods-Smack.release.xcconfig */,
			);
			name = Pods;
			sourceTree = "<group>";
		};
		CB45B4B85717BA4B9BA1650F /* Frameworks */ = {
			isa = PBXGroup;
			children = (
				C419F6DE20F08DCEEF987D17 /* Pods_Smack.framework */,
			);
			name = Frameworks;
			sourceTree = "<group>";
		};
/* End PBXGroup section */

/* Begin PBXNativeTarget section */
		681500B02021005D00D8F000 /* Smack */ = {
			isa = PBXNativeTarget;
			buildConfigurationList = 681500C32021005D00D8F000 /* Build configuration list for PBXNativeTarget "Smack" */;
			buildPhases = (
				06038A289A3CA0648128BDBA /* [CP] Check Pods Manifest.lock */,
				681500AD2021005D00D8F000 /* Sources */,
				681500AE2021005D00D8F000 /* Frameworks */,
				681500AF2021005D00D8F000 /* Resources */,
				26C0A4BDC678F2AFF7CFC41E /* [CP] Embed Pods Frameworks */,
				EEC67D504F7196980E3511C5 /* [CP] Copy Pods Resources */,
			);
			buildRules = (
			);
			dependencies = (
			);
			name = Smack;
			productName = Smack;
			productReference = 681500B12021005D00D8F000 /* Smack.app */;
			productType = "com.apple.product-type.application";
		};
/* End PBXNativeTarget section */

/* Begin PBXProject section */
		681500A92021005D00D8F000 /* Project object */ = {
			isa = PBXProject;
			attributes = {
				LastSwiftUpdateCheck = 0920;
				LastUpgradeCheck = 0920;
				ORGANIZATIONNAME = "Denis Rakitin";
				TargetAttributes = {
					681500B02021005D00D8F000 = {
						CreatedOnToolsVersion = 9.2;
						LastSwiftMigration = 0920;
						ProvisioningStyle = Automatic;
					};
				};
			};
			buildConfigurationList = 681500AC2021005D00D8F000 /* Build configuration list for PBXProject "Smack" */;
			compatibilityVersion = "Xcode 8.0";
			developmentRegion = en;
			hasScannedForEncodings = 0;
			knownRegions = (
				en,
				Base,
			);
			mainGroup = 681500A82021005D00D8F000;
			productRefGroup = 681500B22021005D00D8F000 /* Products */;
			projectDirPath = "";
			projectRoot = "";
			targets = (
				681500B02021005D00D8F000 /* Smack */,
			);
		};
/* End PBXProject section */

/* Begin PBXResourcesBuildPhase section */
		681500AF2021005D00D8F000 /* Resources */ = {
			isa = PBXResourcesBuildPhase;
			buildActionMask = 2147483647;
			files = (
				681500BF2021005D00D8F000 /* LaunchScreen.storyboard in Resources */,
				681500BC2021005D00D8F000 /* Assets.xcassets in Resources */,
				681500BA2021005D00D8F000 /* Main.storyboard in Resources */,
			);
			runOnlyForDeploymentPostprocessing = 0;
		};
/* End PBXResourcesBuildPhase section */

/* Begin PBXShellScriptBuildPhase section */
		06038A289A3CA0648128BDBA /* [CP] Check Pods Manifest.lock */ = {
			isa = PBXShellScriptBuildPhase;
			buildActionMask = 2147483647;
			files = (
			);
			inputPaths = (
				"${PODS_PODFILE_DIR_PATH}/Podfile.lock",
				"${PODS_ROOT}/Manifest.lock",
			);
			name = "[CP] Check Pods Manifest.lock";
			outputPaths = (
				"$(DERIVED_FILE_DIR)/Pods-Smack-checkManifestLockResult.txt",
			);
			runOnlyForDeploymentPostprocessing = 0;
			shellPath = /bin/sh;
			shellScript = "diff \"${PODS_PODFILE_DIR_PATH}/Podfile.lock\" \"${PODS_ROOT}/Manifest.lock\" > /dev/null\nif [ $? != 0 ] ; then\n    # print error to STDERR\n    echo \"error: The sandbox is not in sync with the Podfile.lock. Run 'pod install' or update your CocoaPods installation.\" >&2\n    exit 1\nfi\n# This output is used by Xcode 'outputs' to avoid re-running this script phase.\necho \"SUCCESS\" > \"${SCRIPT_OUTPUT_FILE_0}\"\n";
			showEnvVarsInLog = 0;
		};
		26C0A4BDC678F2AFF7CFC41E /* [CP] Embed Pods Frameworks */ = {
			isa = PBXShellScriptBuildPhase;
			buildActionMask = 2147483647;
			files = (
			);
			inputPaths = (
				"${SRCROOT}/Pods/Target Support Files/Pods-Smack/Pods-Smack-frameworks.sh",
				"${BUILT_PRODUCTS_DIR}/Alamofire/Alamofire.framework",
				"${BUILT_PRODUCTS_DIR}/Socket.IO-Client-Swift/SocketIO.framework",
				"${BUILT_PRODUCTS_DIR}/Starscream/Starscream.framework",
				"${BUILT_PRODUCTS_DIR}/SwiftyJSON/SwiftyJSON.framework",
			);
			name = "[CP] Embed Pods Frameworks";
			outputPaths = (
				"${TARGET_BUILD_DIR}/${FRAMEWORKS_FOLDER_PATH}/Alamofire.framework",
				"${TARGET_BUILD_DIR}/${FRAMEWORKS_FOLDER_PATH}/SocketIO.framework",
				"${TARGET_BUILD_DIR}/${FRAMEWORKS_FOLDER_PATH}/Starscream.framework",
				"${TARGET_BUILD_DIR}/${FRAMEWORKS_FOLDER_PATH}/SwiftyJSON.framework",
			);
			runOnlyForDeploymentPostprocessing = 0;
			shellPath = /bin/sh;
			shellScript = "\"${SRCROOT}/Pods/Target Support Files/Pods-Smack/Pods-Smack-frameworks.sh\"\n";
			showEnvVarsInLog = 0;
		};
		EEC67D504F7196980E3511C5 /* [CP] Copy Pods Resources */ = {
			isa = PBXShellScriptBuildPhase;
			buildActionMask = 2147483647;
			files = (
			);
			inputPaths = (
			);
			name = "[CP] Copy Pods Resources";
			outputPaths = (
			);
			runOnlyForDeploymentPostprocessing = 0;
			shellPath = /bin/sh;
			shellScript = "\"${SRCROOT}/Pods/Target Support Files/Pods-Smack/Pods-Smack-resources.sh\"\n";
			showEnvVarsInLog = 0;
		};
/* End PBXShellScriptBuildPhase section */

/* Begin PBXSourcesBuildPhase section */
		681500AD2021005D00D8F000 /* Sources */ = {
			isa = PBXSourcesBuildPhase;
			buildActionMask = 2147483647;
			files = (
				689346F620224C12008DDE7C /* ChannelVC.swift in Sources */,
				68ADC1C2204AD33A007E9650 /* AvatarPickerVC.swift in Sources */,
				68C7092C203C65A30017B2C9 /* RoundedButton.swift in Sources */,
				6805C8532051BA6C00CB97E4 /* CircleImage.swift in Sources */,
				689346F420224BF9008DDE7C /* ChatVC.swift in Sources */,
				68954CA5203DB4B5009970B0 /* UserDataService.swift in Sources */,
				6896C202203503D000A33FB2 /* CreateAccountVC.swift in Sources */,
				688ABBD720390CAB00E0BE63 /* AuthService.swift in Sources */,
				6814A999202355480014A49A /* GradientView.swift in Sources */,
				681500B52021005D00D8F000 /* AppDelegate.swift in Sources */,
				68ADC1C4204ADCD8007E9650 /* AvatarCell.swift in Sources */,
				6896C2002034B22D00A33FB2 /* LoginVC.swift in Sources */,
				68FFFBC42021377000F2C119 /* SWRevealViewController.m in Sources */,
				6896C1FE2034A51300A33FB2 /* Constants.swift in Sources */,
			);
			runOnlyForDeploymentPostprocessing = 0;
		};
/* End PBXSourcesBuildPhase section */

/* Begin PBXVariantGroup section */
		681500B82021005D00D8F000 /* Main.storyboard */ = {
			isa = PBXVariantGroup;
			children = (
				681500B92021005D00D8F000 /* Base */,
			);
			name = Main.storyboard;
			sourceTree = "<group>";
		};
		681500BD2021005D00D8F000 /* LaunchScreen.storyboard */ = {
			isa = PBXVariantGroup;
			children = (
				681500BE2021005D00D8F000 /* Base */,
			);
			name = LaunchScreen.storyboard;
			sourceTree = "<group>";
		};
/* End PBXVariantGroup section */

/* Begin XCBuildConfiguration section */
		681500C12021005D00D8F000 /* Debug */ = {
			isa = XCBuildConfiguration;
			buildSettings = {
				ALWAYS_SEARCH_USER_PATHS = NO;
				CLANG_ANALYZER_NONNULL = YES;
				CLANG_ANALYZER_NUMBER_OBJECT_CONVERSION = YES_AGGRESSIVE;
				CLANG_CXX_LANGUAGE_STANDARD = "gnu++14";
				CLANG_CXX_LIBRARY = "libc++";
				CLANG_ENABLE_MODULES = YES;
				CLANG_ENABLE_OBJC_ARC = YES;
				CLANG_WARN_BLOCK_CAPTURE_AUTORELEASING = YES;
				CLANG_WARN_BOOL_CONVERSION = YES;
				CLANG_WARN_COMMA = YES;
				CLANG_WARN_CONSTANT_CONVERSION = YES;
				CLANG_WARN_DIRECT_OBJC_ISA_USAGE = YES_ERROR;
				CLANG_WARN_DOCUMENTATION_COMMENTS = YES;
				CLANG_WARN_EMPTY_BODY = YES;
				CLANG_WARN_ENUM_CONVERSION = YES;
				CLANG_WARN_INFINITE_RECURSION = YES;
				CLANG_WARN_INT_CONVERSION = YES;
				CLANG_WARN_NON_LITERAL_NULL_CONVERSION = YES;
				CLANG_WARN_OBJC_LITERAL_CONVERSION = YES;
				CLANG_WARN_OBJC_ROOT_CLASS = YES_ERROR;
				CLANG_WARN_RANGE_LOOP_ANALYSIS = YES;
				CLANG_WARN_STRICT_PROTOTYPES = YES;
				CLANG_WARN_SUSPICIOUS_MOVE = YES;
				CLANG_WARN_UNGUARDED_AVAILABILITY = YES_AGGRESSIVE;
				CLANG_WARN_UNREACHABLE_CODE = YES;
				CLANG_WARN__DUPLICATE_METHOD_MATCH = YES;
				CODE_SIGN_IDENTITY = "iPhone Developer";
				COPY_PHASE_STRIP = NO;
				DEBUG_INFORMATION_FORMAT = dwarf;
				ENABLE_STRICT_OBJC_MSGSEND = YES;
				ENABLE_TESTABILITY = YES;
				GCC_C_LANGUAGE_STANDARD = gnu11;
				GCC_DYNAMIC_NO_PIC = NO;
				GCC_NO_COMMON_BLOCKS = YES;
				GCC_OPTIMIZATION_LEVEL = 0;
				GCC_PREPROCESSOR_DEFINITIONS = (
					"DEBUG=1",
					"$(inherited)",
				);
				GCC_WARN_64_TO_32_BIT_CONVERSION = YES;
				GCC_WARN_ABOUT_RETURN_TYPE = YES_ERROR;
				GCC_WARN_UNDECLARED_SELECTOR = YES;
				GCC_WARN_UNINITIALIZED_AUTOS = YES_AGGRESSIVE;
				GCC_WARN_UNUSED_FUNCTION = YES;
				GCC_WARN_UNUSED_VARIABLE = YES;
				IPHONEOS_DEPLOYMENT_TARGET = 11.2;
				MTL_ENABLE_DEBUG_INFO = YES;
				ONLY_ACTIVE_ARCH = YES;
				SDKROOT = iphoneos;
				SWIFT_ACTIVE_COMPILATION_CONDITIONS = DEBUG;
				SWIFT_OPTIMIZATION_LEVEL = "-Onone";
			};
			name = Debug;
		};
		681500C22021005D00D8F000 /* Release */ = {
			isa = XCBuildConfiguration;
			buildSettings = {
				ALWAYS_SEARCH_USER_PATHS = NO;
				CLANG_ANALYZER_NONNULL = YES;
				CLANG_ANALYZER_NUMBER_OBJECT_CONVERSION = YES_AGGRESSIVE;
				CLANG_CXX_LANGUAGE_STANDARD = "gnu++14";
				CLANG_CXX_LIBRARY = "libc++";
				CLANG_ENABLE_MODULES = YES;
				CLANG_ENABLE_OBJC_ARC = YES;
				CLANG_WARN_BLOCK_CAPTURE_AUTORELEASING = YES;
				CLANG_WARN_BOOL_CONVERSION = YES;
				CLANG_WARN_COMMA = YES;
				CLANG_WARN_CONSTANT_CONVERSION = YES;
				CLANG_WARN_DIRECT_OBJC_ISA_USAGE = YES_ERROR;
				CLANG_WARN_DOCUMENTATION_COMMENTS = YES;
				CLANG_WARN_EMPTY_BODY = YES;
				CLANG_WARN_ENUM_CONVERSION = YES;
				CLANG_WARN_INFINITE_RECURSION = YES;
				CLANG_WARN_INT_CONVERSION = YES;
				CLANG_WARN_NON_LITERAL_NULL_CONVERSION = YES;
				CLANG_WARN_OBJC_LITERAL_CONVERSION = YES;
				CLANG_WARN_OBJC_ROOT_CLASS = YES_ERROR;
				CLANG_WARN_RANGE_LOOP_ANALYSIS = YES;
				CLANG_WARN_STRICT_PROTOTYPES = YES;
				CLANG_WARN_SUSPICIOUS_MOVE = YES;
				CLANG_WARN_UNGUARDED_AVAILABILITY = YES_AGGRESSIVE;
				CLANG_WARN_UNREACHABLE_CODE = YES;
				CLANG_WARN__DUPLICATE_METHOD_MATCH = YES;
				CODE_SIGN_IDENTITY = "iPhone Developer";
				COPY_PHASE_STRIP = NO;
				DEBUG_INFORMATION_FORMAT = "dwarf-with-dsym";
				ENABLE_NS_ASSERTIONS = NO;
				ENABLE_STRICT_OBJC_MSGSEND = YES;
				GCC_C_LANGUAGE_STANDARD = gnu11;
				GCC_NO_COMMON_BLOCKS = YES;
				GCC_WARN_64_TO_32_BIT_CONVERSION = YES;
				GCC_WARN_ABOUT_RETURN_TYPE = YES_ERROR;
				GCC_WARN_UNDECLARED_SELECTOR = YES;
				GCC_WARN_UNINITIALIZED_AUTOS = YES_AGGRESSIVE;
				GCC_WARN_UNUSED_FUNCTION = YES;
				GCC_WARN_UNUSED_VARIABLE = YES;
				IPHONEOS_DEPLOYMENT_TARGET = 11.2;
				MTL_ENABLE_DEBUG_INFO = NO;
				SDKROOT = iphoneos;
				SWIFT_OPTIMIZATION_LEVEL = "-Owholemodule";
				VALIDATE_PRODUCT = YES;
			};
			name = Release;
		};
		681500C42021005D00D8F000 /* Debug */ = {
			isa = XCBuildConfiguration;
			baseConfigurationReference = AD22A09037B24E3FF7CD3589 /* Pods-Smack.debug.xcconfig */;
			buildSettings = {
				ASSETCATALOG_COMPILER_APPICON_NAME = AppIcon;
				CLANG_ENABLE_MODULES = YES;
				CODE_SIGN_STYLE = Automatic;
				DEVELOPMENT_TEAM = 9X329BRT6C;
				INFOPLIST_FILE = Smack/Info.plist;
				IPHONEOS_DEPLOYMENT_TARGET = 11.2;
				LD_RUNPATH_SEARCH_PATHS = "$(inherited) @executable_path/Frameworks";
				PRODUCT_BUNDLE_IDENTIFIER = FannyFarm.Smack;
				PRODUCT_NAME = "$(TARGET_NAME)";
				SWIFT_OBJC_BRIDGING_HEADER = "Smack/Supporting Files/Smack-Bridging-Header.h";
				SWIFT_OPTIMIZATION_LEVEL = "-Onone";
				SWIFT_VERSION = 4.0;
				TARGETED_DEVICE_FAMILY = "1,2";
			};
			name = Debug;
		};
		681500C52021005D00D8F000 /* Release */ = {
			isa = XCBuildConfiguration;
			baseConfigurationReference = 5CBDFC3BEDE0C28875CD0DE6 /* Pods-Smack.release.xcconfig */;
			buildSettings = {
				ASSETCATALOG_COMPILER_APPICON_NAME = AppIcon;
				CLANG_ENABLE_MODULES = YES;
				CODE_SIGN_STYLE = Automatic;
				DEVELOPMENT_TEAM = 9X329BRT6C;
				INFOPLIST_FILE = Smack/Info.plist;
				IPHONEOS_DEPLOYMENT_TARGET = 11.2;
				LD_RUNPATH_SEARCH_PATHS = "$(inherited) @executable_path/Frameworks";
				PRODUCT_BUNDLE_IDENTIFIER = FannyFarm.Smack;
				PRODUCT_NAME = "$(TARGET_NAME)";
				SWIFT_OBJC_BRIDGING_HEADER = "Smack/Supporting Files/Smack-Bridging-Header.h";
				SWIFT_VERSION = 4.0;
				TARGETED_DEVICE_FAMILY = "1,2";
			};
			name = Release;
		};
/* End XCBuildConfiguration section */

/* Begin XCConfigurationList section */
		681500AC2021005D00D8F000 /* Build configuration list for PBXProject "Smack" */ = {
			isa = XCConfigurationList;
			buildConfigurations = (
				681500C12021005D00D8F000 /* Debug */,
				681500C22021005D00D8F000 /* Release */,
			);
			defaultConfigurationIsVisible = 0;
			defaultConfigurationName = Release;
		};
		681500C32021005D00D8F000 /* Build configuration list for PBXNativeTarget "Smack" */ = {
			isa = XCConfigurationList;
			buildConfigurations = (
				681500C42021005D00D8F000 /* Debug */,
				681500C52021005D00D8F000 /* Release */,
			);
			defaultConfigurationIsVisible = 0;
			defaultConfigurationName = Release;
		};
/* End XCConfigurationList section */
	};
	rootObject = 681500A92021005D00D8F000 /* Project object */;
}
